
Microsoft Visual Studio Solution File, Format Version 12.00
# Visual Studio Version 16
VisualStudioVersion = 16.0.32002.261
MinimumVisualStudioVersion = 10.0.40219.1
Project("{FAE04EC0-301F-11D3-BF4B-00C04F79EFBC}") = "DotNet48WebApplication", "DotNet48WebApplication\DotNet48WebApplication.csproj", "{3D365FC1-C3F8-4936-9309-E8E77D6F1EB0}"
EndProject
Project("{9A19103F-16F7-4668-BE54-9A1E7A4F7556}") = "NetCore31BlazorServerApp", "NetCore31BlazorServerApp\NetCore31BlazorServerApp.csproj", "{43225342-A594-455D-B8FC-26A262B66AB3}"
EndProject
Project("{9A19103F-16F7-4668-BE54-9A1E7A4F7556}") = "NetCore31WebApplication", "NetCore31WebApplication\NetCore31WebApplication.csproj", "{DB138297-2EF9-417B-98E4-4AB3B8BF9628}"
EndProject
Project("{9A19103F-16F7-4668-BE54-9A1E7A4F7556}") = "NetCore50BlazorServerApp", "NetCore50BlazorServerApp\NetCore50BlazorServerApp.csproj", "{E4F1F5EA-4843-4E3E-80DB-8EC23D3F71AF}"
EndProject
Project("{FAE04EC0-301F-11D3-BF4B-00C04F79EFBC}") = "NetCore31BlazorWasmApp_Not-DotNetCoreHosted", "NetCore31BlazorWasmApp_Not-DotNetCoreHosted\NetCore31BlazorWasmApp_Not-DotNetCoreHosted.csproj", "{7FBCA4E1-97A8-4F10-ACFC-7B770C77427E}"
EndProject
Project("{FAE04EC0-301F-11D3-BF4B-00C04F79EFBC}") = "NetCore31BlazorWasmApp_DotNetCoreHosted.Server", "NetCore31BlazorWasmApp_DotNetCoreHosted\Server\NetCore31BlazorWasmApp_DotNetCoreHosted.Server.csproj", "{7754C0FF-CF7C-40EE-9187-ACF04D897FBD}"
EndProject
Project("{FAE04EC0-301F-11D3-BF4B-00C04F79EFBC}") = "NetCore31BlazorWasmApp_DotNetCoreHosted.Client", "NetCore31BlazorWasmApp_DotNetCoreHosted\Client\NetCore31BlazorWasmApp_DotNetCoreHosted.Client.csproj", "{D12C2D76-6EB3-4B43-AAA3-013D08E0BEED}"
EndProject
Project("{FAE04EC0-301F-11D3-BF4B-00C04F79EFBC}") = "NetCore31BlazorWasmApp_DotNetCoreHosted.Shared", "NetCore31BlazorWasmApp_DotNetCoreHosted\Shared\NetCore31BlazorWasmApp_DotNetCoreHosted.Shared.csproj", "{EDCBF414-6355-4E7F-AC79-E4E0D62D844B}"
EndProject
Project("{2150E333-8FDC-42A3-9474-1A3956D46DE8}") = "NetCore31BlazorWasmApp_DotNetCoreHosted", "NetCore31BlazorWasmApp_DotNetCoreHosted", "{694DAF47-B3E1-4D53-8217-4026E4DA05E4}"
EndProject
Project("{2150E333-8FDC-42A3-9474-1A3956D46DE8}") = "Netcore 3.1", "Netcore 3.1", "{5519AFEB-C751-4C95-8C02-041083E562EB}"
EndProject
Project("{2150E333-8FDC-42A3-9474-1A3956D46DE8}") = "Net 5.0", "Net 5.0", "{B5E9B1DE-2A42-4193-B786-D652C5D4147C}"
EndProject
Project("{2150E333-8FDC-42A3-9474-1A3956D46DE8}") = ".Net 4.8", ".Net 4.8", "{7FFB14E0-2E16-4DEB-BE9D-1E8A5CBFCA22}"
EndProject
Project("{2150E333-8FDC-42A3-9474-1A3956D46DE8}") = "NetCore50BlazorWasmApp", "NetCore50BlazorWasmApp", "{B79AB9E7-7880-4393-8745-11B886327A3A}"
EndProject
Project("{FAE04EC0-301F-11D3-BF4B-00C04F79EFBC}") = "NetCore50BlazorWasmApp_DotNetCoreHosted.Server", "NetCore50BlazorWasmApp_DotNetCoreHosted\Server\NetCore50BlazorWasmApp_DotNetCoreHosted.Server.csproj", "{1EA37C03-24B1-4EF4-9DAA-4B713270464E}"
EndProject
Project("{FAE04EC0-301F-11D3-BF4B-00C04F79EFBC}") = "NetCore50BlazorWasmApp_DotNetCoreHosted.Client", "NetCore50BlazorWasmApp_DotNetCoreHosted\Client\NetCore50BlazorWasmApp_DotNetCoreHosted.Client.csproj", "{13368920-E0AF-4747-9313-EAED006F2174}"
EndProject
Project("{FAE04EC0-301F-11D3-BF4B-00C04F79EFBC}") = "NetCore50BlazorWasmApp_DotNetCoreHosted.Shared", "NetCore50BlazorWasmApp_DotNetCoreHosted\Shared\NetCore50BlazorWasmApp_DotNetCoreHosted.Shared.csproj", "{1B8512C8-B229-4FEB-8BFD-26E5261E3CF4}"
EndProject
Project("{FAE04EC0-301F-11D3-BF4B-00C04F79EFBC}") = "NetCore50BlazorWasmApp_Not-DotNetCoreHosted", "NetCore50BlazorWasmApp_Not-DotNetCoreHosted\NetCore50BlazorWasmApp_Not-DotNetCoreHosted.csproj", "{BBF4A2F4-F70A-4CEC-98CC-ED37C8D48D63}"
EndProject
Project("{FAE04EC0-301F-11D3-BF4B-00C04F79EFBC}") = "DotNet48WebApi", "DotNet48WebApi\DotNet48WebApi.csproj", "{B1A83E8E-2D68-4415-9A37-5F6461642D75}"
EndProject
Global
	GlobalSection(SolutionConfigurationPlatforms) = preSolution
		Debug|Any CPU = Debug|Any CPU
		Release|Any CPU = Release|Any CPU
	EndGlobalSection
	GlobalSection(ProjectConfigurationPlatforms) = postSolution
		{3D365FC1-C3F8-4936-9309-E8E77D6F1EB0}.Debug|Any CPU.ActiveCfg = Debug|Any CPU
		{3D365FC1-C3F8-4936-9309-E8E77D6F1EB0}.Debug|Any CPU.Build.0 = Debug|Any CPU
		{3D365FC1-C3F8-4936-9309-E8E77D6F1EB0}.Release|Any CPU.ActiveCfg = Release|Any CPU
		{3D365FC1-C3F8-4936-9309-E8E77D6F1EB0}.Release|Any CPU.Build.0 = Release|Any CPU
		{43225342-A594-455D-B8FC-26A262B66AB3}.Debug|Any CPU.ActiveCfg = Debug|Any CPU
		{43225342-A594-455D-B8FC-26A262B66AB3}.Debug|Any CPU.Build.0 = Debug|Any CPU
		{43225342-A594-455D-B8FC-26A262B66AB3}.Release|Any CPU.ActiveCfg = Release|Any CPU
		{43225342-A594-455D-B8FC-26A262B66AB3}.Release|Any CPU.Build.0 = Release|Any CPU
		{DB138297-2EF9-417B-98E4-4AB3B8BF9628}.Debug|Any CPU.ActiveCfg = Debug|Any CPU
		{DB138297-2EF9-417B-98E4-4AB3B8BF9628}.Debug|Any CPU.Build.0 = Debug|Any CPU
		{DB138297-2EF9-417B-98E4-4AB3B8BF9628}.Release|Any CPU.ActiveCfg = Release|Any CPU
		{DB138297-2EF9-417B-98E4-4AB3B8BF9628}.Release|Any CPU.Build.0 = Release|Any CPU
		{E4F1F5EA-4843-4E3E-80DB-8EC23D3F71AF}.Debug|Any CPU.ActiveCfg = Debug|Any CPU
		{E4F1F5EA-4843-4E3E-80DB-8EC23D3F71AF}.Debug|Any CPU.Build.0 = Debug|Any CPU
		{E4F1F5EA-4843-4E3E-80DB-8EC23D3F71AF}.Release|Any CPU.ActiveCfg = Release|Any CPU
		{E4F1F5EA-4843-4E3E-80DB-8EC23D3F71AF}.Release|Any CPU.Build.0 = Release|Any CPU
		{7FBCA4E1-97A8-4F10-ACFC-7B770C77427E}.Debug|Any CPU.ActiveCfg = Debug|Any CPU
		{7FBCA4E1-97A8-4F10-ACFC-7B770C77427E}.Debug|Any CPU.Build.0 = Debug|Any CPU
		{7FBCA4E1-97A8-4F10-ACFC-7B770C77427E}.Release|Any CPU.ActiveCfg = Release|Any CPU
		{7FBCA4E1-97A8-4F10-ACFC-7B770C77427E}.Release|Any CPU.Build.0 = Release|Any CPU
		{7754C0FF-CF7C-40EE-9187-ACF04D897FBD}.Debug|Any CPU.ActiveCfg = Debug|Any CPU
		{7754C0FF-CF7C-40EE-9187-ACF04D897FBD}.Debug|Any CPU.Build.0 = Debug|Any CPU
		{7754C0FF-CF7C-40EE-9187-ACF04D897FBD}.Release|Any CPU.ActiveCfg = Release|Any CPU
		{7754C0FF-CF7C-40EE-9187-ACF04D897FBD}.Release|Any CPU.Build.0 = Release|Any CPU
		{D12C2D76-6EB3-4B43-AAA3-013D08E0BEED}.Debug|Any CPU.ActiveCfg = Debug|Any CPU
		{D12C2D76-6EB3-4B43-AAA3-013D08E0BEED}.Debug|Any CPU.Build.0 = Debug|Any CPU
		{D12C2D76-6EB3-4B43-AAA3-013D08E0BEED}.Release|Any CPU.ActiveCfg = Release|Any CPU
		{D12C2D76-6EB3-4B43-AAA3-013D08E0BEED}.Release|Any CPU.Build.0 = Release|Any CPU
		{EDCBF414-6355-4E7F-AC79-E4E0D62D844B}.Debug|Any CPU.ActiveCfg = Debug|Any CPU
		{EDCBF414-6355-4E7F-AC79-E4E0D62D844B}.Debug|Any CPU.Build.0 = Debug|Any CPU
		{EDCBF414-6355-4E7F-AC79-E4E0D62D844B}.Release|Any CPU.ActiveCfg = Release|Any CPU
		{EDCBF414-6355-4E7F-AC79-E4E0D62D844B}.Release|Any CPU.Build.0 = Release|Any CPU
		{1EA37C03-24B1-4EF4-9DAA-4B713270464E}.Debug|Any CPU.ActiveCfg = Debug|Any CPU
		{1EA37C03-24B1-4EF4-9DAA-4B713270464E}.Debug|Any CPU.Build.0 = Debug|Any CPU
		{1EA37C03-24B1-4EF4-9DAA-4B713270464E}.Release|Any CPU.ActiveCfg = Release|Any CPU
		{1EA37C03-24B1-4EF4-9DAA-4B713270464E}.Release|Any CPU.Build.0 = Release|Any CPU
		{13368920-E0AF-4747-9313-EAED006F2174}.Debug|Any CPU.ActiveCfg = Debug|Any CPU
		{13368920-E0AF-4747-9313-EAED006F2174}.Debug|Any CPU.Build.0 = Debug|Any CPU
		{13368920-E0AF-4747-9313-EAED006F2174}.Release|Any CPU.ActiveCfg = Release|Any CPU
		{13368920-E0AF-4747-9313-EAED006F2174}.Release|Any CPU.Build.0 = Release|Any CPU
		{1B8512C8-B229-4FEB-8BFD-26E5261E3CF4}.Debug|Any CPU.ActiveCfg = Debug|Any CPU
		{1B8512C8-B229-4FEB-8BFD-26E5261E3CF4}.Debug|Any CPU.Build.0 = Debug|Any CPU
		{1B8512C8-B229-4FEB-8BFD-26E5261E3CF4}.Release|Any CPU.ActiveCfg = Release|Any CPU
		{1B8512C8-B229-4FEB-8BFD-26E5261E3CF4}.Release|Any CPU.Build.0 = Release|Any CPU
		{BBF4A2F4-F70A-4CEC-98CC-ED37C8D48D63}.Debug|Any CPU.ActiveCfg = Debug|Any CPU
		{BBF4A2F4-F70A-4CEC-98CC-ED37C8D48D63}.Debug|Any CPU.Build.0 = Debug|Any CPU
		{BBF4A2F4-F70A-4CEC-98CC-ED37C8D48D63}.Release|Any CPU.ActiveCfg = Release|Any CPU
		{BBF4A2F4-F70A-4CEC-98CC-ED37C8D48D63}.Release|Any CPU.Build.0 = Release|Any CPU
		{B1A83E8E-2D68-4415-9A37-5F6461642D75}.Debug|Any CPU.ActiveCfg = Debug|Any CPU
		{B1A83E8E-2D68-4415-9A37-5F6461642D75}.Debug|Any CPU.Build.0 = Debug|Any CPU
		{B1A83E8E-2D68-4415-9A37-5F6461642D75}.Release|Any CPU.ActiveCfg = Release|Any CPU
		{B1A83E8E-2D68-4415-9A37-5F6461642D75}.Release|Any CPU.Build.0 = Release|Any CPU
	EndGlobalSection
	GlobalSection(SolutionProperties) = preSolution
		HideSolutionNode = FALSE
	EndGlobalSection
	GlobalSection(NestedProjects) = preSolution
		{3D365FC1-C3F8-4936-9309-E8E77D6F1EB0} = {7FFB14E0-2E16-4DEB-BE9D-1E8A5CBFCA22}
		{43225342-A594-455D-B8FC-26A262B66AB3} = {5519AFEB-C751-4C95-8C02-041083E562EB}
		{DB138297-2EF9-417B-98E4-4AB3B8BF9628} = {5519AFEB-C751-4C95-8C02-041083E562EB}
		{E4F1F5EA-4843-4E3E-80DB-8EC23D3F71AF} = {B5E9B1DE-2A42-4193-B786-D652C5D4147C}
		{7FBCA4E1-97A8-4F10-ACFC-7B770C77427E} = {5519AFEB-C751-4C95-8C02-041083E562EB}
		{7754C0FF-CF7C-40EE-9187-ACF04D897FBD} = {694DAF47-B3E1-4D53-8217-4026E4DA05E4}
		{D12C2D76-6EB3-4B43-AAA3-013D08E0BEED} = {694DAF47-B3E1-4D53-8217-4026E4DA05E4}
		{EDCBF414-6355-4E7F-AC79-E4E0D62D844B} = {694DAF47-B3E1-4D53-8217-4026E4DA05E4}
		{694DAF47-B3E1-4D53-8217-4026E4DA05E4} = {5519AFEB-C751-4C95-8C02-041083E562EB}
		{B79AB9E7-7880-4393-8745-11B886327A3A} = {B5E9B1DE-2A42-4193-B786-D652C5D4147C}
		{1EA37C03-24B1-4EF4-9DAA-4B713270464E} = {B79AB9E7-7880-4393-8745-11B886327A3A}
		{13368920-E0AF-4747-9313-EAED006F2174} = {B79AB9E7-7880-4393-8745-11B886327A3A}
		{1B8512C8-B229-4FEB-8BFD-26E5261E3CF4} = {B79AB9E7-7880-4393-8745-11B886327A3A}
		{BBF4A2F4-F70A-4CEC-98CC-ED37C8D48D63} = {B5E9B1DE-2A42-4193-B786-D652C5D4147C}
		{B1A83E8E-2D68-4415-9A37-5F6461642D75} = {7FFB14E0-2E16-4DEB-BE9D-1E8A5CBFCA22}
	EndGlobalSection
	GlobalSection(ExtensibilityGlobals) = postSolution
		SolutionGuid = {0A0EACFD-ABEB-4A19-ACE7-A1CF86712455}
	EndGlobalSection
EndGlobal
